dependencies:
- name: mysql
  repository: https://charts.bitnami.com/bitnami
  version: 9.23.0
- name: postgresql
  repository: https://charts.bitnami.com/bitnami
  version: 11.9.13
- name: postgresql-ha
  repository: https://charts.bitnami.com/bitnami
  version: 9.4.11
- name: rabbitmq
  repository: https://charts.bitnami.com/bitnami
  version: 11.16.2
- name: redis
  repository: https://charts.bitnami.com/bitnami
  version: 16.13.2
digest: sha256:7e27caea26c6546a9bf32b513f7c705542943a51c042d8f6b407eeb7bf189701
generated: "2024-03-07T02:49:41.631946824Z"
