dependencies:
- name: mysql
  repository: https://charts.bitnami.com/bitnami
  version: 9.19.1
- name: postgresql
  repository: https://charts.bitnami.com/bitnami
  version: 14.2.3
- name: postgresql-ha
  repository: https://charts.bitnami.com/bitnami
  version: 9.4.11
- name: rabbitmq
  repository: https://charts.bitnami.com/bitnami
  version: 11.16.2
- name: redis
  repository: https://charts.bitnami.com/bitnami
  version: 16.13.2
digest: sha256:bca65f762519a2dfe1bd0ca71433a92c3d311e4a9a40ba24eaf7f26d9cc780a2
generated: "2024-02-26T20:48:41.789699638Z"
